{
  "name": "functions",
  "lockfileVersion": 3,
  "requires": true,
  "packages": {
    "": {
      "dependencies": {
        "market-flow-functions": "file:.."
      }
    },
    "..": {
      "name": "market-flow-functions",
      "version": "0.1.0",
      "dependencies": {
        "express": "^4.18.2",
        "firebase-admin": "^12.7.0",
        "firebase-functions": "^5.1.0"
      },
      "devDependencies": {
        "@types/express": "^4.17.23",
        "@types/node": "^20.5.9",
        "ts-node": "^10.9.1",
        "typescript": "^5.5.6"
      },
      "engines": {
        "node": "22"
      }
    },
    "node_modules/market-flow-functions": {
      "resolved": "..",
      "link": true
    }
  }
}
